
Microsoft Visual Studio Solution File, Format Version 12.00
# Visual Studio Version 17
VisualStudioVersion = 17.10.34928.147
MinimumVisualStudioVersion = 10.0.40219.1
Project("{9A19103F-16F7-4668-BE54-9A1E7A4F7556}") = "DespensaIguazu.Server", "DespensaIguazu.Server\DespensaIguazu.Server.csproj", "{2B477362-5A87-4047-911C-AA676E8FA3C7}"
EndProject
Project("{9A19103F-16F7-4668-BE54-9A1E7A4F7556}") = "DespensaIguazu.BD", "DespensaIguazu.BD\DespensaIguazu.BD.csproj", "{ADC7FFDC-C022-470D-A3D5-7683A73ADE33}"
EndProject
Project("{9A19103F-16F7-4668-BE54-9A1E7A4F7556}") = "DespensaIguazu.Shared", "DespensaIguazu.Shared\DespensaIguazu.Shared.csproj", "{F8FE73E6-7EC4-4AE1-91E1-8EF189EF1BA2}"
EndProject
Project("{9A19103F-16F7-4668-BE54-9A1E7A4F7556}") = "DespensaIguazu.Client", "DespensaIguazu.Client\DespensaIguazu.Client.csproj", "{92AE388D-7677-4171-B6DC-9BAB066A78EF}"
EndProject
Global
	GlobalSection(SolutionConfigurationPlatforms) = preSolution
		Debug|Any CPU = Debug|Any CPU
		Release|Any CPU = Release|Any CPU
	EndGlobalSection
	GlobalSection(ProjectConfigurationPlatforms) = postSolution
		{2B477362-5A87-4047-911C-AA676E8FA3C7}.Debug|Any CPU.ActiveCfg = Debug|Any CPU
		{2B477362-5A87-4047-911C-AA676E8FA3C7}.Debug|Any CPU.Build.0 = Debug|Any CPU
		{2B477362-5A87-4047-911C-AA676E8FA3C7}.Release|Any CPU.ActiveCfg = Release|Any CPU
		{2B477362-5A87-4047-911C-AA676E8FA3C7}.Release|Any CPU.Build.0 = Release|Any CPU
		{ADC7FFDC-C022-470D-A3D5-7683A73ADE33}.Debug|Any CPU.ActiveCfg = Debug|Any CPU
		{ADC7FFDC-C022-470D-A3D5-7683A73ADE33}.Debug|Any CPU.Build.0 = Debug|Any CPU
		{ADC7FFDC-C022-470D-A3D5-7683A73ADE33}.Release|Any CPU.ActiveCfg = Release|Any CPU
		{ADC7FFDC-C022-470D-A3D5-7683A73ADE33}.Release|Any CPU.Build.0 = Release|Any CPU
		{F8FE73E6-7EC4-4AE1-91E1-8EF189EF1BA2}.Debug|Any CPU.ActiveCfg = Debug|Any CPU
		{F8FE73E6-7EC4-4AE1-91E1-8EF189EF1BA2}.Debug|Any CPU.Build.0 = Debug|Any CPU
		{F8FE73E6-7EC4-4AE1-91E1-8EF189EF1BA2}.Release|Any CPU.ActiveCfg = Release|Any CPU
		{F8FE73E6-7EC4-4AE1-91E1-8EF189EF1BA2}.Release|Any CPU.Build.0 = Release|Any CPU
		{92AE388D-7677-4171-B6DC-9BAB066A78EF}.Debug|Any CPU.ActiveCfg = Debug|Any CPU
		{92AE388D-7677-4171-B6DC-9BAB066A78EF}.Debug|Any CPU.Build.0 = Debug|Any CPU
		{92AE388D-7677-4171-B6DC-9BAB066A78EF}.Release|Any CPU.ActiveCfg = Release|Any CPU
		{92AE388D-7677-4171-B6DC-9BAB066A78EF}.Release|Any CPU.Build.0 = Release|Any CPU
	EndGlobalSection
	GlobalSection(SolutionProperties) = preSolution
		HideSolutionNode = FALSE
	EndGlobalSection
	GlobalSection(ExtensibilityGlobals) = postSolution
		SolutionGuid = {10C81E3A-7178-4357-A916-389A94E691D1}
	EndGlobalSection
EndGlobal
